# This file is autogenerated, do not edit; changes may be undone by the next 'dep ensure'.


[[projects]]
  name = "github.com/opencontainers/runc"
  packages = ["libcontainer/system"]
  revision = "baf6536d6259209c3edfa2b22237af82942d3dfa"
  version = "v0.1.1"

[[projects]]
  name = "github.com/seccomp/libseccomp-golang"
  packages = ["."]
  revision = "e3496e3a417d1dc9ecdceca5af2513271fed37a0"
  version = "v0.9.0"

[[projects]]
  branch = "master"
  name = "github.com/syndtr/gocapability"
  packages = ["capability"]
  revision = "db04d3cc01c8b54962a58ec7e491717d06cfcc16"

[[projects]]
  branch = "master"
  name = "golang.org/x/sys"
  packages = ["unix"]
  revision = "37707fdb30a5b38865cfb95e5aab41707daec7fd"

[solve-meta]
  analyzer-name = "dep"
  analyzer-version = 1
  inputs-digest = "920a248cbbfebbec70c67baf28bed512a06a2ebd2d07d0407b73a415a611608e"
  solver-name = "gps-cdcl"
  solver-version = 1
